
Microsoft Visual Studio Solution File, Format Version 12.00
# Visual Studio 15
VisualStudioVersion = 15.0.28307.421
MinimumVisualStudioVersion = 10.0.40219.1
Project("{FAE04EC0-301F-11D3-BF4B-00C04F79EFBC}") = "pppt.Core", "pppt.Core\pppt.Core.csproj", "{73183FA8-B2B0-49DB-8985-8B47CD6FC0F7}"
EndProject
Project("{FAE04EC0-301F-11D3-BF4B-00C04F79EFBC}") = "pppt.App.pdf", "pppt.App.pdf\pppt.App.pdf.csproj", "{A377766A-1306-45C8-8CCF-3EAE427ACE6B}"
EndProject
Project("{FAE04EC0-301F-11D3-BF4B-00C04F79EFBC}") = "pppt.App.ppt", "pppt.App.ppt\pppt.App.ppt.csproj", "{1A7068A8-5964-4615-8679-7001D11C1F81}"
EndProject
Global
	GlobalSection(SolutionConfigurationPlatforms) = preSolution
		Debug|Any CPU = Debug|Any CPU
		Release|Any CPU = Release|Any CPU
	EndGlobalSection
	GlobalSection(ProjectConfigurationPlatforms) = postSolution
		{73183FA8-B2B0-49DB-8985-8B47CD6FC0F7}.Debug|Any CPU.ActiveCfg = Debug|Any CPU
		{73183FA8-B2B0-49DB-8985-8B47CD6FC0F7}.Debug|Any CPU.Build.0 = Debug|Any CPU
		{73183FA8-B2B0-49DB-8985-8B47CD6FC0F7}.Release|Any CPU.ActiveCfg = Release|Any CPU
		{73183FA8-B2B0-49DB-8985-8B47CD6FC0F7}.Release|Any CPU.Build.0 = Release|Any CPU
		{A377766A-1306-45C8-8CCF-3EAE427ACE6B}.Debug|Any CPU.ActiveCfg = Debug|Any CPU
		{A377766A-1306-45C8-8CCF-3EAE427ACE6B}.Debug|Any CPU.Build.0 = Debug|Any CPU
		{A377766A-1306-45C8-8CCF-3EAE427ACE6B}.Release|Any CPU.ActiveCfg = Release|Any CPU
		{A377766A-1306-45C8-8CCF-3EAE427ACE6B}.Release|Any CPU.Build.0 = Release|Any CPU
		{1A7068A8-5964-4615-8679-7001D11C1F81}.Debug|Any CPU.ActiveCfg = Debug|Any CPU
		{1A7068A8-5964-4615-8679-7001D11C1F81}.Debug|Any CPU.Build.0 = Debug|Any CPU
		{1A7068A8-5964-4615-8679-7001D11C1F81}.Release|Any CPU.ActiveCfg = Release|Any CPU
		{1A7068A8-5964-4615-8679-7001D11C1F81}.Release|Any CPU.Build.0 = Release|Any CPU
	EndGlobalSection
	GlobalSection(SolutionProperties) = preSolution
		HideSolutionNode = FALSE
	EndGlobalSection
	GlobalSection(ExtensibilityGlobals) = postSolution
		SolutionGuid = {126216C2-CF0A-4E35-B020-2E6351F17939}
	EndGlobalSection
EndGlobal
